
Microsoft Visual Studio Solution File, Format Version 12.00
# Visual Studio 2012
VisualStudioVersion = 14.0.24720.0
MinimumVisualStudioVersion = 10.0.40219.1
Project("{FAE04EC0-301F-11D3-BF4B-00C04F79EFBC}") = "MuseumsPlan.Droid", "MuseumsPlan\MuseumsPlan.Droid\MuseumsPlan.Droid.csproj", "{143CE530-27C8-4782-9E2D-9AC458AB1827}"
EndProject
Project("{D954291E-2A0B-460D-934E-DC6B0785DB48}") = "MuseumsPlan", "MuseumsPlan\MuseumsPlan\MuseumsPlan.shproj", "{2D2B7623-A8AF-42ED-BE94-4359190F0C88}"
EndProject
Project("{FAE04EC0-301F-11D3-BF4B-00C04F79EFBC}") = "MuseumsPlan.Library", "MuseumsPlan.Library\MuseumsPlan.Library.csproj", "{67F9D3A8-F71E-4428-913F-C37AE82CDB24}"
EndProject
Project("{9344BDBB-3E7F-41FC-A0DD-8665D75EE146}") = "MuseumsPlan.iOS", "MuseumsPlan\MuseumsPlan.iOS\MuseumsPlan.iOS.csproj", "{2F3DF1BC-82FE-4123-8F1C-BC66DC2C889E}"
EndProject
Project("{9344BDBB-3E7F-41FC-A0DD-8665D75EE146}") = "MuseumsPlan.WinPhone", "MuseumsPlan\MuseumsPlan.WinPhone\MuseumsPlan.WinPhone.csproj", "{03998E82-E7CE-443F-B4C0-D2AE96940FA2}"
EndProject
Project("{9344BDBB-3E7F-41FC-A0DD-8665D75EE146}") = "MuseumsPlan.Test", "MuseumsPlan.Test\MuseumsPlan.Test.csproj", "{546605D3-CF62-47D6-BCCB-ED9E0E8BFE83}"
EndProject
Global
	GlobalSection(SolutionConfigurationPlatforms) = preSolution
		Ad-Hoc|Any CPU = Ad-Hoc|Any CPU
		Ad-Hoc|ARM = Ad-Hoc|ARM
		Ad-Hoc|iPhone = Ad-Hoc|iPhone
		Ad-Hoc|iPhoneSimulator = Ad-Hoc|iPhoneSimulator
		Ad-Hoc|x86 = Ad-Hoc|x86
		AppStore|Any CPU = AppStore|Any CPU
		AppStore|ARM = AppStore|ARM
		AppStore|iPhone = AppStore|iPhone
		AppStore|iPhoneSimulator = AppStore|iPhoneSimulator
		AppStore|x86 = AppStore|x86
		Debug|Any CPU = Debug|Any CPU
		Debug|ARM = Debug|ARM
		Debug|iPhone = Debug|iPhone
		Debug|iPhoneSimulator = Debug|iPhoneSimulator
		Debug|x86 = Debug|x86
		Release|Any CPU = Release|Any CPU
		Release|ARM = Release|ARM
		Release|iPhone = Release|iPhone
		Release|iPhoneSimulator = Release|iPhoneSimulator
		Release|x86 = Release|x86
	EndGlobalSection
	GlobalSection(ProjectConfigurationPlatforms) = postSolution
		{143CE530-27C8-4782-9E2D-9AC458AB1827}.Ad-Hoc|Any CPU.ActiveCfg = Release|Any CPU
		{143CE530-27C8-4782-9E2D-9AC458AB1827}.Ad-Hoc|Any CPU.Build.0 = Release|Any CPU
		{143CE530-27C8-4782-9E2D-9AC458AB1827}.Ad-Hoc|Any CPU.Deploy.0 = Release|Any CPU
		{143CE530-27C8-4782-9E2D-9AC458AB1827}.Ad-Hoc|ARM.ActiveCfg = Release|Any CPU
		{143CE530-27C8-4782-9E2D-9AC458AB1827}.Ad-Hoc|ARM.Build.0 = Release|Any CPU
		{143CE530-27C8-4782-9E2D-9AC458AB1827}.Ad-Hoc|ARM.Deploy.0 = Release|Any CPU
		{143CE530-27C8-4782-9E2D-9AC458AB1827}.Ad-Hoc|iPhone.ActiveCfg = Release|Any CPU
		{143CE530-27C8-4782-9E2D-9AC458AB1827}.Ad-Hoc|iPhone.Build.0 = Release|Any CPU
		{143CE530-27C8-4782-9E2D-9AC458AB1827}.Ad-Hoc|iPhone.Deploy.0 = Release|Any CPU
		{143CE530-27C8-4782-9E2D-9AC458AB1827}.Ad-Hoc|iPhoneSimulator.ActiveCfg = Release|Any CPU
		{143CE530-27C8-4782-9E2D-9AC458AB1827}.Ad-Hoc|iPhoneSimulator.Build.0 = Release|Any CPU
		{143CE530-27C8-4782-9E2D-9AC458AB1827}.Ad-Hoc|iPhoneSimulator.Deploy.0 = Release|Any CPU
		{143CE530-27C8-4782-9E2D-9AC458AB1827}.Ad-Hoc|x86.ActiveCfg = Release|Any CPU
		{143CE530-27C8-4782-9E2D-9AC458AB1827}.Ad-Hoc|x86.Build.0 = Release|Any CPU
		{143CE530-27C8-4782-9E2D-9AC458AB1827}.Ad-Hoc|x86.Deploy.0 = Release|Any CPU
		{143CE530-27C8-4782-9E2D-9AC458AB1827}.AppStore|Any CPU.ActiveCfg = Release|Any CPU
		{143CE530-27C8-4782-9E2D-9AC458AB1827}.AppStore|Any CPU.Build.0 = Release|Any CPU
		{143CE530-27C8-4782-9E2D-9AC458AB1827}.AppStore|Any CPU.Deploy.0 = Release|Any CPU
		{143CE530-27C8-4782-9E2D-9AC458AB1827}.AppStore|ARM.ActiveCfg = Release|Any CPU
		{143CE530-27C8-4782-9E2D-9AC458AB1827}.AppStore|ARM.Build.0 = Release|Any CPU
		{143CE530-27C8-4782-9E2D-9AC458AB1827}.AppStore|ARM.Deploy.0 = Release|Any CPU
		{143CE530-27C8-4782-9E2D-9AC458AB1827}.AppStore|iPhone.ActiveCfg = Release|Any CPU
		{143CE530-27C8-4782-9E2D-9AC458AB1827}.AppStore|iPhone.Build.0 = Release|Any CPU
		{143CE530-27C8-4782-9E2D-9AC458AB1827}.AppStore|iPhone.Deploy.0 = Release|Any CPU
		{143CE530-27C8-4782-9E2D-9AC458AB1827}.AppStore|iPhoneSimulator.ActiveCfg = Release|Any CPU
		{143CE530-27C8-4782-9E2D-9AC458AB1827}.AppStore|iPhoneSimulator.Build.0 = Release|Any CPU
		{143CE530-27C8-4782-9E2D-9AC458AB1827}.AppStore|iPhoneSimulator.Deploy.0 = Release|Any CPU
		{143CE530-27C8-4782-9E2D-9AC458AB1827}.AppStore|x86.ActiveCfg = Release|Any CPU
		{143CE530-27C8-4782-9E2D-9AC458AB1827}.AppStore|x86.Build.0 = Release|Any CPU
		{143CE530-27C8-4782-9E2D-9AC458AB1827}.AppStore|x86.Deploy.0 = Release|Any CPU
		{143CE530-27C8-4782-9E2D-9AC458AB1827}.Debug|Any CPU.ActiveCfg = Debug|Any CPU
		{143CE530-27C8-4782-9E2D-9AC458AB1827}.Debug|Any CPU.Build.0 = Debug|Any CPU
		{143CE530-27C8-4782-9E2D-9AC458AB1827}.Debug|Any CPU.Deploy.0 = Debug|Any CPU
		{143CE530-27C8-4782-9E2D-9AC458AB1827}.Debug|ARM.ActiveCfg = Debug|Any CPU
		{143CE530-27C8-4782-9E2D-9AC458AB1827}.Debug|ARM.Build.0 = Debug|Any CPU
		{143CE530-27C8-4782-9E2D-9AC458AB1827}.Debug|ARM.Deploy.0 = Debug|Any CPU
		{143CE530-27C8-4782-9E2D-9AC458AB1827}.Debug|iPhone.ActiveCfg = Debug|Any CPU
		{143CE530-27C8-4782-9E2D-9AC458AB1827}.Debug|iPhone.Build.0 = Debug|Any CPU
		{143CE530-27C8-4782-9E2D-9AC458AB1827}.Debug|iPhone.Deploy.0 = Debug|Any CPU
		{143CE530-27C8-4782-9E2D-9AC458AB1827}.Debug|iPhoneSimulator.ActiveCfg = Debug|Any CPU
		{143CE530-27C8-4782-9E2D-9AC458AB1827}.Debug|iPhoneSimulator.Build.0 = Debug|Any CPU
		{143CE530-27C8-4782-9E2D-9AC458AB1827}.Debug|iPhoneSimulator.Deploy.0 = Debug|Any CPU
		{143CE530-27C8-4782-9E2D-9AC458AB1827}.Debug|x86.ActiveCfg = Debug|Any CPU
		{143CE530-27C8-4782-9E2D-9AC458AB1827}.Debug|x86.Build.0 = Debug|Any CPU
		{143CE530-27C8-4782-9E2D-9AC458AB1827}.Debug|x86.Deploy.0 = Debug|Any CPU
		{143CE530-27C8-4782-9E2D-9AC458AB1827}.Release|Any CPU.ActiveCfg = Release|Any CPU
		{143CE530-27C8-4782-9E2D-9AC458AB1827}.Release|Any CPU.Build.0 = Release|Any CPU
		{143CE530-27C8-4782-9E2D-9AC458AB1827}.Release|Any CPU.Deploy.0 = Release|Any CPU
		{143CE530-27C8-4782-9E2D-9AC458AB1827}.Release|ARM.ActiveCfg = Release|Any CPU
		{143CE530-27C8-4782-9E2D-9AC458AB1827}.Release|ARM.Build.0 = Release|Any CPU
		{143CE530-27C8-4782-9E2D-9AC458AB1827}.Release|ARM.Deploy.0 = Release|Any CPU
		{143CE530-27C8-4782-9E2D-9AC458AB1827}.Release|iPhone.ActiveCfg = Release|Any CPU
		{143CE530-27C8-4782-9E2D-9AC458AB1827}.Release|iPhone.Build.0 = Release|Any CPU
		{143CE530-27C8-4782-9E2D-9AC458AB1827}.Release|iPhone.Deploy.0 = Release|Any CPU
		{143CE530-27C8-4782-9E2D-9AC458AB1827}.Release|iPhoneSimulator.ActiveCfg = Release|Any CPU
		{143CE530-27C8-4782-9E2D-9AC458AB1827}.Release|iPhoneSimulator.Build.0 = Release|Any CPU
		{143CE530-27C8-4782-9E2D-9AC458AB1827}.Release|iPhoneSimulator.Deploy.0 = Release|Any CPU
		{143CE530-27C8-4782-9E2D-9AC458AB1827}.Release|x86.ActiveCfg = Release|Any CPU
		{143CE530-27C8-4782-9E2D-9AC458AB1827}.Release|x86.Build.0 = Release|Any CPU
		{143CE530-27C8-4782-9E2D-9AC458AB1827}.Release|x86.Deploy.0 = Release|Any CPU
		{67F9D3A8-F71E-4428-913F-C37AE82CDB24}.Ad-Hoc|Any CPU.ActiveCfg = Release|Any CPU
		{67F9D3A8-F71E-4428-913F-C37AE82CDB24}.Ad-Hoc|Any CPU.Build.0 = Release|Any CPU
		{67F9D3A8-F71E-4428-913F-C37AE82CDB24}.Ad-Hoc|ARM.ActiveCfg = Release|Any CPU
		{67F9D3A8-F71E-4428-913F-C37AE82CDB24}.Ad-Hoc|ARM.Build.0 = Release|Any CPU
		{67F9D3A8-F71E-4428-913F-C37AE82CDB24}.Ad-Hoc|iPhone.ActiveCfg = Release|Any CPU
		{67F9D3A8-F71E-4428-913F-C37AE82CDB24}.Ad-Hoc|iPhone.Build.0 = Release|Any CPU
		{67F9D3A8-F71E-4428-913F-C37AE82CDB24}.Ad-Hoc|iPhoneSimulator.ActiveCfg = Release|Any CPU
		{67F9D3A8-F71E-4428-913F-C37AE82CDB24}.Ad-Hoc|iPhoneSimulator.Build.0 = Release|Any CPU
		{67F9D3A8-F71E-4428-913F-C37AE82CDB24}.Ad-Hoc|x86.ActiveCfg = Release|Any CPU
		{67F9D3A8-F71E-4428-913F-C37AE82CDB24}.Ad-Hoc|x86.Build.0 = Release|Any CPU
		{67F9D3A8-F71E-4428-913F-C37AE82CDB24}.AppStore|Any CPU.ActiveCfg = Release|Any CPU
		{67F9D3A8-F71E-4428-913F-C37AE82CDB24}.AppStore|Any CPU.Build.0 = Release|Any CPU
		{67F9D3A8-F71E-4428-913F-C37AE82CDB24}.AppStore|ARM.ActiveCfg = Release|Any CPU
		{67F9D3A8-F71E-4428-913F-C37AE82CDB24}.AppStore|ARM.Build.0 = Release|Any CPU
		{67F9D3A8-F71E-4428-913F-C37AE82CDB24}.AppStore|iPhone.ActiveCfg = Release|Any CPU
		{67F9D3A8-F71E-4428-913F-C37AE82CDB24}.AppStore|iPhone.Build.0 = Release|Any CPU
		{67F9D3A8-F71E-4428-913F-C37AE82CDB24}.AppStore|iPhoneSimulator.ActiveCfg = Release|Any CPU
		{67F9D3A8-F71E-4428-913F-C37AE82CDB24}.AppStore|iPhoneSimulator.Build.0 = Release|Any CPU
		{67F9D3A8-F71E-4428-913F-C37AE82CDB24}.AppStore|x86.ActiveCfg = Release|Any CPU
		{67F9D3A8-F71E-4428-913F-C37AE82CDB24}.AppStore|x86.Build.0 = Release|Any CPU
		{67F9D3A8-F71E-4428-913F-C37AE82CDB24}.Debug|Any CPU.ActiveCfg = Debug|Any CPU
		{67F9D3A8-F71E-4428-913F-C37AE82CDB24}.Debug|Any CPU.Build.0 = Debug|Any CPU
		{67F9D3A8-F71E-4428-913F-C37AE82CDB24}.Debug|ARM.ActiveCfg = Debug|Any CPU
		{67F9D3A8-F71E-4428-913F-C37AE82CDB24}.Debug|ARM.Build.0 = Debug|Any CPU
		{67F9D3A8-F71E-4428-913F-C37AE82CDB24}.Debug|iPhone.ActiveCfg = Debug|Any CPU
		{67F9D3A8-F71E-4428-913F-C37AE82CDB24}.Debug|iPhone.Build.0 = Debug|Any CPU
		{67F9D3A8-F71E-4428-913F-C37AE82CDB24}.Debug|iPhoneSimulator.ActiveCfg = Debug|Any CPU
		{67F9D3A8-F71E-4428-913F-C37AE82CDB24}.Debug|iPhoneSimulator.Build.0 = Debug|Any CPU
		{67F9D3A8-F71E-4428-913F-C37AE82CDB24}.Debug|x86.ActiveCfg = Debug|Any CPU
		{67F9D3A8-F71E-4428-913F-C37AE82CDB24}.Debug|x86.Build.0 = Debug|Any CPU
		{67F9D3A8-F71E-4428-913F-C37AE82CDB24}.Release|Any CPU.ActiveCfg = Release|Any CPU
		{67F9D3A8-F71E-4428-913F-C37AE82CDB24}.Release|Any CPU.Build.0 = Release|Any CPU
		{67F9D3A8-F71E-4428-913F-C37AE82CDB24}.Release|ARM.ActiveCfg = Release|Any CPU
		{67F9D3A8-F71E-4428-913F-C37AE82CDB24}.Release|ARM.Build.0 = Release|Any CPU
		{67F9D3A8-F71E-4428-913F-C37AE82CDB24}.Release|iPhone.ActiveCfg = Release|Any CPU
		{67F9D3A8-F71E-4428-913F-C37AE82CDB24}.Release|iPhone.Build.0 = Release|Any CPU
		{67F9D3A8-F71E-4428-913F-C37AE82CDB24}.Release|iPhoneSimulator.ActiveCfg = Release|Any CPU
		{67F9D3A8-F71E-4428-913F-C37AE82CDB24}.Release|iPhoneSimulator.Build.0 = Release|Any CPU
		{67F9D3A8-F71E-4428-913F-C37AE82CDB24}.Release|x86.ActiveCfg = Release|Any CPU
		{67F9D3A8-F71E-4428-913F-C37AE82CDB24}.Release|x86.Build.0 = Release|Any CPU
		{2F3DF1BC-82FE-4123-8F1C-BC66DC2C889E}.Ad-Hoc|Any CPU.ActiveCfg = Ad-Hoc|iPhone
		{2F3DF1BC-82FE-4123-8F1C-BC66DC2C889E}.Ad-Hoc|ARM.ActiveCfg = Ad-Hoc|iPhone
		{2F3DF1BC-82FE-4123-8F1C-BC66DC2C889E}.Ad-Hoc|iPhone.ActiveCfg = Ad-Hoc|iPhone
		{2F3DF1BC-82FE-4123-8F1C-BC66DC2C889E}.Ad-Hoc|iPhone.Build.0 = Ad-Hoc|iPhone
		{2F3DF1BC-82FE-4123-8F1C-BC66DC2C889E}.Ad-Hoc|iPhoneSimulator.ActiveCfg = Ad-Hoc|iPhoneSimulator
		{2F3DF1BC-82FE-4123-8F1C-BC66DC2C889E}.Ad-Hoc|iPhoneSimulator.Build.0 = Ad-Hoc|iPhoneSimulator
		{2F3DF1BC-82FE-4123-8F1C-BC66DC2C889E}.Ad-Hoc|x86.ActiveCfg = Ad-Hoc|iPhone
		{2F3DF1BC-82FE-4123-8F1C-BC66DC2C889E}.AppStore|Any CPU.ActiveCfg = AppStore|iPhone
		{2F3DF1BC-82FE-4123-8F1C-BC66DC2C889E}.AppStore|ARM.ActiveCfg = AppStore|iPhone
		{2F3DF1BC-82FE-4123-8F1C-BC66DC2C889E}.AppStore|iPhone.ActiveCfg = AppStore|iPhone
		{2F3DF1BC-82FE-4123-8F1C-BC66DC2C889E}.AppStore|iPhone.Build.0 = AppStore|iPhone
		{2F3DF1BC-82FE-4123-8F1C-BC66DC2C889E}.AppStore|iPhoneSimulator.ActiveCfg = AppStore|iPhoneSimulator
		{2F3DF1BC-82FE-4123-8F1C-BC66DC2C889E}.AppStore|iPhoneSimulator.Build.0 = AppStore|iPhoneSimulator
		{2F3DF1BC-82FE-4123-8F1C-BC66DC2C889E}.AppStore|x86.ActiveCfg = AppStore|iPhone
		{2F3DF1BC-82FE-4123-8F1C-BC66DC2C889E}.Debug|Any CPU.ActiveCfg = Debug|iPhone
		{2F3DF1BC-82FE-4123-8F1C-BC66DC2C889E}.Debug|ARM.ActiveCfg = Debug|iPhone
		{2F3DF1BC-82FE-4123-8F1C-BC66DC2C889E}.Debug|iPhone.ActiveCfg = Debug|iPhone
		{2F3DF1BC-82FE-4123-8F1C-BC66DC2C889E}.Debug|iPhone.Build.0 = Debug|iPhone
		{2F3DF1BC-82FE-4123-8F1C-BC66DC2C889E}.Debug|iPhoneSimulator.ActiveCfg = Debug|iPhoneSimulator
		{2F3DF1BC-82FE-4123-8F1C-BC66DC2C889E}.Debug|iPhoneSimulator.Build.0 = Debug|iPhoneSimulator
		{2F3DF1BC-82FE-4123-8F1C-BC66DC2C889E}.Debug|x86.ActiveCfg = Debug|iPhone
		{2F3DF1BC-82FE-4123-8F1C-BC66DC2C889E}.Release|Any CPU.ActiveCfg = Release|iPhone
		{2F3DF1BC-82FE-4123-8F1C-BC66DC2C889E}.Release|ARM.ActiveCfg = Release|iPhone
		{2F3DF1BC-82FE-4123-8F1C-BC66DC2C889E}.Release|iPhone.ActiveCfg = Release|iPhone
		{2F3DF1BC-82FE-4123-8F1C-BC66DC2C889E}.Release|iPhone.Build.0 = Release|iPhone
		{2F3DF1BC-82FE-4123-8F1C-BC66DC2C889E}.Release|iPhoneSimulator.ActiveCfg = Release|iPhoneSimulator
		{2F3DF1BC-82FE-4123-8F1C-BC66DC2C889E}.Release|iPhoneSimulator.Build.0 = Release|iPhoneSimulator
		{2F3DF1BC-82FE-4123-8F1C-BC66DC2C889E}.Release|x86.ActiveCfg = Release|iPhone
		{03998E82-E7CE-443F-B4C0-D2AE96940FA2}.Ad-Hoc|Any CPU.ActiveCfg = Release|Any CPU
		{03998E82-E7CE-443F-B4C0-D2AE96940FA2}.Ad-Hoc|Any CPU.Build.0 = Release|Any CPU
		{03998E82-E7CE-443F-B4C0-D2AE96940FA2}.Ad-Hoc|Any CPU.Deploy.0 = Release|Any CPU
		{03998E82-E7CE-443F-B4C0-D2AE96940FA2}.Ad-Hoc|ARM.ActiveCfg = Release|ARM
		{03998E82-E7CE-443F-B4C0-D2AE96940FA2}.Ad-Hoc|ARM.Build.0 = Release|ARM
		{03998E82-E7CE-443F-B4C0-D2AE96940FA2}.Ad-Hoc|ARM.Deploy.0 = Release|ARM
		{03998E82-E7CE-443F-B4C0-D2AE96940FA2}.Ad-Hoc|iPhone.ActiveCfg = Release|Any CPU
		{03998E82-E7CE-443F-B4C0-D2AE96940FA2}.Ad-Hoc|iPhone.Build.0 = Release|Any CPU
		{03998E82-E7CE-443F-B4C0-D2AE96940FA2}.Ad-Hoc|iPhone.Deploy.0 = Release|Any CPU
		{03998E82-E7CE-443F-B4C0-D2AE96940FA2}.Ad-Hoc|iPhoneSimulator.ActiveCfg = Release|Any CPU
		{03998E82-E7CE-443F-B4C0-D2AE96940FA2}.Ad-Hoc|iPhoneSimulator.Build.0 = Release|Any CPU
		{03998E82-E7CE-443F-B4C0-D2AE96940FA2}.Ad-Hoc|iPhoneSimulator.Deploy.0 = Release|Any CPU
		{03998E82-E7CE-443F-B4C0-D2AE96940FA2}.Ad-Hoc|x86.ActiveCfg = Release|x86
		{03998E82-E7CE-443F-B4C0-D2AE96940FA2}.Ad-Hoc|x86.Build.0 = Release|x86
		{03998E82-E7CE-443F-B4C0-D2AE96940FA2}.Ad-Hoc|x86.Deploy.0 = Release|x86
		{03998E82-E7CE-443F-B4C0-D2AE96940FA2}.AppStore|Any CPU.ActiveCfg = Release|Any CPU
		{03998E82-E7CE-443F-B4C0-D2AE96940FA2}.AppStore|Any CPU.Build.0 = Release|Any CPU
		{03998E82-E7CE-443F-B4C0-D2AE96940FA2}.AppStore|Any CPU.Deploy.0 = Release|Any CPU
		{03998E82-E7CE-443F-B4C0-D2AE96940FA2}.AppStore|ARM.ActiveCfg = Release|ARM
		{03998E82-E7CE-443F-B4C0-D2AE96940FA2}.AppStore|ARM.Build.0 = Release|ARM
		{03998E82-E7CE-443F-B4C0-D2AE96940FA2}.AppStore|ARM.Deploy.0 = Release|ARM
		{03998E82-E7CE-443F-B4C0-D2AE96940FA2}.AppStore|iPhone.ActiveCfg = Release|Any CPU
		{03998E82-E7CE-443F-B4C0-D2AE96940FA2}.AppStore|iPhone.Build.0 = Release|Any CPU
		{03998E82-E7CE-443F-B4C0-D2AE96940FA2}.AppStore|iPhone.Deploy.0 = Release|Any CPU
		{03998E82-E7CE-443F-B4C0-D2AE96940FA2}.AppStore|iPhoneSimulator.ActiveCfg = Release|Any CPU
		{03998E82-E7CE-443F-B4C0-D2AE96940FA2}.AppStore|iPhoneSimulator.Build.0 = Release|Any CPU
		{03998E82-E7CE-443F-B4C0-D2AE96940FA2}.AppStore|iPhoneSimulator.Deploy.0 = Release|Any CPU
		{03998E82-E7CE-443F-B4C0-D2AE96940FA2}.AppStore|x86.ActiveCfg = Release|x86
		{03998E82-E7CE-443F-B4C0-D2AE96940FA2}.AppStore|x86.Build.0 = Release|x86
		{03998E82-E7CE-443F-B4C0-D2AE96940FA2}.AppStore|x86.Deploy.0 = Release|x86
		{03998E82-E7CE-443F-B4C0-D2AE96940FA2}.Debug|Any CPU.ActiveCfg = Debug|Any CPU
		{03998E82-E7CE-443F-B4C0-D2AE96940FA2}.Debug|Any CPU.Build.0 = Debug|Any CPU
		{03998E82-E7CE-443F-B4C0-D2AE96940FA2}.Debug|Any CPU.Deploy.0 = Debug|Any CPU
		{03998E82-E7CE-443F-B4C0-D2AE96940FA2}.Debug|ARM.ActiveCfg = Debug|ARM
		{03998E82-E7CE-443F-B4C0-D2AE96940FA2}.Debug|ARM.Build.0 = Debug|ARM
		{03998E82-E7CE-443F-B4C0-D2AE96940FA2}.Debug|ARM.Deploy.0 = Debug|ARM
		{03998E82-E7CE-443F-B4C0-D2AE96940FA2}.Debug|iPhone.ActiveCfg = Debug|Any CPU
		{03998E82-E7CE-443F-B4C0-D2AE96940FA2}.Debug|iPhone.Build.0 = Debug|Any CPU
		{03998E82-E7CE-443F-B4C0-D2AE96940FA2}.Debug|iPhone.Deploy.0 = Debug|Any CPU
		{03998E82-E7CE-443F-B4C0-D2AE96940FA2}.Debug|iPhoneSimulator.ActiveCfg = Debug|Any CPU
		{03998E82-E7CE-443F-B4C0-D2AE96940FA2}.Debug|iPhoneSimulator.Build.0 = Debug|Any CPU
		{03998E82-E7CE-443F-B4C0-D2AE96940FA2}.Debug|iPhoneSimulator.Deploy.0 = Debug|Any CPU
		{03998E82-E7CE-443F-B4C0-D2AE96940FA2}.Debug|x86.ActiveCfg = Debug|x86
		{03998E82-E7CE-443F-B4C0-D2AE96940FA2}.Debug|x86.Build.0 = Debug|x86
		{03998E82-E7CE-443F-B4C0-D2AE96940FA2}.Debug|x86.Deploy.0 = Debug|x86
		{03998E82-E7CE-443F-B4C0-D2AE96940FA2}.Release|Any CPU.ActiveCfg = Release|Any CPU
		{03998E82-E7CE-443F-B4C0-D2AE96940FA2}.Release|Any CPU.Build.0 = Release|Any CPU
		{03998E82-E7CE-443F-B4C0-D2AE96940FA2}.Release|Any CPU.Deploy.0 = Release|Any CPU
		{03998E82-E7CE-443F-B4C0-D2AE96940FA2}.Release|ARM.ActiveCfg = Release|ARM
		{03998E82-E7CE-443F-B4C0-D2AE96940FA2}.Release|ARM.Build.0 = Release|ARM
		{03998E82-E7CE-443F-B4C0-D2AE96940FA2}.Release|ARM.Deploy.0 = Release|ARM
		{03998E82-E7CE-443F-B4C0-D2AE96940FA2}.Release|iPhone.ActiveCfg = Release|Any CPU
		{03998E82-E7CE-443F-B4C0-D2AE96940FA2}.Release|iPhone.Build.0 = Release|Any CPU
		{03998E82-E7CE-443F-B4C0-D2AE96940FA2}.Release|iPhone.Deploy.0 = Release|Any CPU
		{03998E82-E7CE-443F-B4C0-D2AE96940FA2}.Release|iPhoneSimulator.ActiveCfg = Release|Any CPU
		{03998E82-E7CE-443F-B4C0-D2AE96940FA2}.Release|iPhoneSimulator.Build.0 = Release|Any CPU
		{03998E82-E7CE-443F-B4C0-D2AE96940FA2}.Release|iPhoneSimulator.Deploy.0 = Release|Any CPU
		{03998E82-E7CE-443F-B4C0-D2AE96940FA2}.Release|x86.ActiveCfg = Release|x86
		{03998E82-E7CE-443F-B4C0-D2AE96940FA2}.Release|x86.Build.0 = Release|x86
		{03998E82-E7CE-443F-B4C0-D2AE96940FA2}.Release|x86.Deploy.0 = Release|x86
		{546605D3-CF62-47D6-BCCB-ED9E0E8BFE83}.Ad-Hoc|Any CPU.ActiveCfg = Release|Any CPU
		{546605D3-CF62-47D6-BCCB-ED9E0E8BFE83}.Ad-Hoc|Any CPU.Build.0 = Release|Any CPU
		{546605D3-CF62-47D6-BCCB-ED9E0E8BFE83}.Ad-Hoc|ARM.ActiveCfg = Release|Any CPU
		{546605D3-CF62-47D6-BCCB-ED9E0E8BFE83}.Ad-Hoc|ARM.Build.0 = Release|Any CPU
		{546605D3-CF62-47D6-BCCB-ED9E0E8BFE83}.Ad-Hoc|iPhone.ActiveCfg = Release|Any CPU
		{546605D3-CF62-47D6-BCCB-ED9E0E8BFE83}.Ad-Hoc|iPhone.Build.0 = Release|Any CPU
		{546605D3-CF62-47D6-BCCB-ED9E0E8BFE83}.Ad-Hoc|iPhoneSimulator.ActiveCfg = Release|Any CPU
		{546605D3-CF62-47D6-BCCB-ED9E0E8BFE83}.Ad-Hoc|iPhoneSimulator.Build.0 = Release|Any CPU
		{546605D3-CF62-47D6-BCCB-ED9E0E8BFE83}.Ad-Hoc|x86.ActiveCfg = Release|Any CPU
		{546605D3-CF62-47D6-BCCB-ED9E0E8BFE83}.Ad-Hoc|x86.Build.0 = Release|Any CPU
		{546605D3-CF62-47D6-BCCB-ED9E0E8BFE83}.AppStore|Any CPU.ActiveCfg = Release|Any CPU
		{546605D3-CF62-47D6-BCCB-ED9E0E8BFE83}.AppStore|Any CPU.Build.0 = Release|Any CPU
		{546605D3-CF62-47D6-BCCB-ED9E0E8BFE83}.AppStore|ARM.ActiveCfg = Release|Any CPU
		{546605D3-CF62-47D6-BCCB-ED9E0E8BFE83}.AppStore|ARM.Build.0 = Release|Any CPU
		{546605D3-CF62-47D6-BCCB-ED9E0E8BFE83}.AppStore|iPhone.ActiveCfg = Release|Any CPU
		{546605D3-CF62-47D6-BCCB-ED9E0E8BFE83}.AppStore|iPhone.Build.0 = Release|Any CPU
		{546605D3-CF62-47D6-BCCB-ED9E0E8BFE83}.AppStore|iPhoneSimulator.ActiveCfg = Release|Any CPU
		{546605D3-CF62-47D6-BCCB-ED9E0E8BFE83}.AppStore|iPhoneSimulator.Build.0 = Release|Any CPU
		{546605D3-CF62-47D6-BCCB-ED9E0E8BFE83}.AppStore|x86.ActiveCfg = Release|Any CPU
		{546605D3-CF62-47D6-BCCB-ED9E0E8BFE83}.AppStore|x86.Build.0 = Release|Any CPU
		{546605D3-CF62-47D6-BCCB-ED9E0E8BFE83}.Debug|Any CPU.ActiveCfg = Debug|Any CPU
		{546605D3-CF62-47D6-BCCB-ED9E0E8BFE83}.Debug|Any CPU.Build.0 = Debug|Any CPU
		{546605D3-CF62-47D6-BCCB-ED9E0E8BFE83}.Debug|ARM.ActiveCfg = Debug|Any CPU
		{546605D3-CF62-47D6-BCCB-ED9E0E8BFE83}.Debug|ARM.Build.0 = Debug|Any CPU
		{546605D3-CF62-47D6-BCCB-ED9E0E8BFE83}.Debug|iPhone.ActiveCfg = Debug|Any CPU
		{546605D3-CF62-47D6-BCCB-ED9E0E8BFE83}.Debug|iPhone.Build.0 = Debug|Any CPU
		{546605D3-CF62-47D6-BCCB-ED9E0E8BFE83}.Debug|iPhoneSimulator.ActiveCfg = Debug|Any CPU
		{546605D3-CF62-47D6-BCCB-ED9E0E8BFE83}.Debug|iPhoneSimulator.Build.0 = Debug|Any CPU
		{546605D3-CF62-47D6-BCCB-ED9E0E8BFE83}.Debug|x86.ActiveCfg = Debug|Any CPU
		{546605D3-CF62-47D6-BCCB-ED9E0E8BFE83}.Debug|x86.Build.0 = Debug|Any CPU
		{546605D3-CF62-47D6-BCCB-ED9E0E8BFE83}.Release|Any CPU.ActiveCfg = Release|Any CPU
		{546605D3-CF62-47D6-BCCB-ED9E0E8BFE83}.Release|Any CPU.Build.0 = Release|Any CPU
		{546605D3-CF62-47D6-BCCB-ED9E0E8BFE83}.Release|ARM.ActiveCfg = Release|Any CPU
		{546605D3-CF62-47D6-BCCB-ED9E0E8BFE83}.Release|ARM.Build.0 = Release|Any CPU
		{546605D3-CF62-47D6-BCCB-ED9E0E8BFE83}.Release|iPhone.ActiveCfg = Release|Any CPU
		{546605D3-CF62-47D6-BCCB-ED9E0E8BFE83}.Release|iPhone.Build.0 = Release|Any CPU
		{546605D3-CF62-47D6-BCCB-ED9E0E8BFE83}.Release|iPhoneSimulator.ActiveCfg = Release|Any CPU
		{546605D3-CF62-47D6-BCCB-ED9E0E8BFE83}.Release|iPhoneSimulator.Build.0 = Release|Any CPU
		{546605D3-CF62-47D6-BCCB-ED9E0E8BFE83}.Release|x86.ActiveCfg = Release|Any CPU
		{546605D3-CF62-47D6-BCCB-ED9E0E8BFE83}.Release|x86.Build.0 = Release|Any CPU
	EndGlobalSection
	GlobalSection(SharedMSBuildProjectFiles) = preSolution
		MuseumsPlan\MuseumsPlan\MuseumsPlan.projitems*{143ce530-27c8-4782-9e2d-9ac458ab1827}*SharedItemsImports = 4
		MuseumsPlan\MuseumsPlan\MuseumsPlan.projitems*{d63e5762-231f-42b8-8d63-473c62a4d513}*SharedItemsImports = 4
		MuseumsPlan\MuseumsPlan\MuseumsPlan.projitems*{2c041f3c-8c0e-45eb-93a9-1f0f1f31fa44}*SharedItemsImports = 4
		MuseumsPlan\MuseumsPlan\MuseumsPlan.projitems*{2d2b7623-a8af-42ed-be94-4359190f0c88}*SharedItemsImports = 13
	EndGlobalSection
	GlobalSection(SolutionProperties) = preSolution
		HideSolutionNode = FALSE
	EndGlobalSection
EndGlobal
